
Microsoft Visual Studio Solution File, Format Version 12.00
# Visual Studio Version 16
VisualStudioVersion = 16.0.31624.102
MinimumVisualStudioVersion = 10.0.40219.1
Project("{FAE04EC0-301F-11D3-BF4B-00C04F79EFBC}") = "A1.Android", "A1\A1.Android\A1.Android.csproj", "{B28CA021-7E03-4590-96A9-FB29AFF0D891}"
EndProject
Project("{FAE04EC0-301F-11D3-BF4B-00C04F79EFBC}") = "A1.iOS", "A1\A1.iOS\A1.iOS.csproj", "{78EAD427-27D2-44C9-9028-5DB5BC77458E}"
EndProject
Project("{FAE04EC0-301F-11D3-BF4B-00C04F79EFBC}") = "A1", "A1\A1\A1.csproj", "{D3454F4A-799D-4798-8B7A-60FD3E5C7827}"
EndProject
Global
	GlobalSection(SolutionConfigurationPlatforms) = preSolution
		Debug|Any CPU = Debug|Any CPU
		Debug|iPhone = Debug|iPhone
		Debug|iPhoneSimulator = Debug|iPhoneSimulator
		Release|Any CPU = Release|Any CPU
		Release|iPhone = Release|iPhone
		Release|iPhoneSimulator = Release|iPhoneSimulator
	EndGlobalSection
	GlobalSection(ProjectConfigurationPlatforms) = postSolution
		{B28CA021-7E03-4590-96A9-FB29AFF0D891}.Debug|Any CPU.ActiveCfg = Debug|Any CPU
		{B28CA021-7E03-4590-96A9-FB29AFF0D891}.Debug|Any CPU.Build.0 = Debug|Any CPU
		{B28CA021-7E03-4590-96A9-FB29AFF0D891}.Debug|Any CPU.Deploy.0 = Debug|Any CPU
		{B28CA021-7E03-4590-96A9-FB29AFF0D891}.Debug|iPhone.ActiveCfg = Debug|Any CPU
		{B28CA021-7E03-4590-96A9-FB29AFF0D891}.Debug|iPhone.Build.0 = Debug|Any CPU
		{B28CA021-7E03-4590-96A9-FB29AFF0D891}.Debug|iPhone.Deploy.0 = Debug|Any CPU
		{B28CA021-7E03-4590-96A9-FB29AFF0D891}.Debug|iPhoneSimulator.ActiveCfg = Debug|Any CPU
		{B28CA021-7E03-4590-96A9-FB29AFF0D891}.Debug|iPhoneSimulator.Build.0 = Debug|Any CPU
		{B28CA021-7E03-4590-96A9-FB29AFF0D891}.Debug|iPhoneSimulator.Deploy.0 = Debug|Any CPU
		{B28CA021-7E03-4590-96A9-FB29AFF0D891}.Release|Any CPU.ActiveCfg = Release|Any CPU
		{B28CA021-7E03-4590-96A9-FB29AFF0D891}.Release|Any CPU.Build.0 = Release|Any CPU
		{B28CA021-7E03-4590-96A9-FB29AFF0D891}.Release|Any CPU.Deploy.0 = Release|Any CPU
		{B28CA021-7E03-4590-96A9-FB29AFF0D891}.Release|iPhone.ActiveCfg = Release|Any CPU
		{B28CA021-7E03-4590-96A9-FB29AFF0D891}.Release|iPhone.Build.0 = Release|Any CPU
		{B28CA021-7E03-4590-96A9-FB29AFF0D891}.Release|iPhone.Deploy.0 = Release|Any CPU
		{B28CA021-7E03-4590-96A9-FB29AFF0D891}.Release|iPhoneSimulator.ActiveCfg = Release|Any CPU
		{B28CA021-7E03-4590-96A9-FB29AFF0D891}.Release|iPhoneSimulator.Build.0 = Release|Any CPU
		{B28CA021-7E03-4590-96A9-FB29AFF0D891}.Release|iPhoneSimulator.Deploy.0 = Release|Any CPU
		{78EAD427-27D2-44C9-9028-5DB5BC77458E}.Debug|Any CPU.ActiveCfg = Debug|iPhone
		{78EAD427-27D2-44C9-9028-5DB5BC77458E}.Debug|Any CPU.Build.0 = Debug|iPhone
		{78EAD427-27D2-44C9-9028-5DB5BC77458E}.Debug|Any CPU.Deploy.0 = Debug|iPhone
		{78EAD427-27D2-44C9-9028-5DB5BC77458E}.Debug|iPhone.ActiveCfg = Debug|iPhone
		{78EAD427-27D2-44C9-9028-5DB5BC77458E}.Debug|iPhone.Build.0 = Debug|iPhone
		{78EAD427-27D2-44C9-9028-5DB5BC77458E}.Debug|iPhone.Deploy.0 = Debug|iPhone
		{78EAD427-27D2-44C9-9028-5DB5BC77458E}.Debug|iPhoneSimulator.ActiveCfg = Debug|iPhoneSimulator
		{78EAD427-27D2-44C9-9028-5DB5BC77458E}.Debug|iPhoneSimulator.Build.0 = Debug|iPhoneSimulator
		{78EAD427-27D2-44C9-9028-5DB5BC77458E}.Debug|iPhoneSimulator.Deploy.0 = Debug|iPhoneSimulator
		{78EAD427-27D2-44C9-9028-5DB5BC77458E}.Release|Any CPU.ActiveCfg = Release|iPhoneSimulator
		{78EAD427-27D2-44C9-9028-5DB5BC77458E}.Release|Any CPU.Build.0 = Release|iPhoneSimulator
		{78EAD427-27D2-44C9-9028-5DB5BC77458E}.Release|Any CPU.Deploy.0 = Release|iPhoneSimulator
		{78EAD427-27D2-44C9-9028-5DB5BC77458E}.Release|iPhone.ActiveCfg = Release|iPhone
		{78EAD427-27D2-44C9-9028-5DB5BC77458E}.Release|iPhone.Build.0 = Release|iPhone
		{78EAD427-27D2-44C9-9028-5DB5BC77458E}.Release|iPhone.Deploy.0 = Release|iPhone
		{78EAD427-27D2-44C9-9028-5DB5BC77458E}.Release|iPhoneSimulator.ActiveCfg = Release|iPhoneSimulator
		{78EAD427-27D2-44C9-9028-5DB5BC77458E}.Release|iPhoneSimulator.Build.0 = Release|iPhoneSimulator
		{78EAD427-27D2-44C9-9028-5DB5BC77458E}.Release|iPhoneSimulator.Deploy.0 = Release|iPhoneSimulator
		{D3454F4A-799D-4798-8B7A-60FD3E5C7827}.Debug|Any CPU.ActiveCfg = Debug|Any CPU
		{D3454F4A-799D-4798-8B7A-60FD3E5C7827}.Debug|Any CPU.Build.0 = Debug|Any CPU
		{D3454F4A-799D-4798-8B7A-60FD3E5C7827}.Debug|Any CPU.Deploy.0 = Debug|Any CPU
		{D3454F4A-799D-4798-8B7A-60FD3E5C7827}.Debug|iPhone.ActiveCfg = Debug|Any CPU
		{D3454F4A-799D-4798-8B7A-60FD3E5C7827}.Debug|iPhone.Build.0 = Debug|Any CPU
		{D3454F4A-799D-4798-8B7A-60FD3E5C7827}.Debug|iPhone.Deploy.0 = Debug|Any CPU
		{D3454F4A-799D-4798-8B7A-60FD3E5C7827}.Debug|iPhoneSimulator.ActiveCfg = Debug|Any CPU
		{D3454F4A-799D-4798-8B7A-60FD3E5C7827}.Debug|iPhoneSimulator.Build.0 = Debug|Any CPU
		{D3454F4A-799D-4798-8B7A-60FD3E5C7827}.Debug|iPhoneSimulator.Deploy.0 = Debug|Any CPU
		{D3454F4A-799D-4798-8B7A-60FD3E5C7827}.Release|Any CPU.ActiveCfg = Release|Any CPU
		{D3454F4A-799D-4798-8B7A-60FD3E5C7827}.Release|Any CPU.Build.0 = Release|Any CPU
		{D3454F4A-799D-4798-8B7A-60FD3E5C7827}.Release|Any CPU.Deploy.0 = Release|Any CPU
		{D3454F4A-799D-4798-8B7A-60FD3E5C7827}.Release|iPhone.ActiveCfg = Release|Any CPU
		{D3454F4A-799D-4798-8B7A-60FD3E5C7827}.Release|iPhone.Build.0 = Release|Any CPU
		{D3454F4A-799D-4798-8B7A-60FD3E5C7827}.Release|iPhone.Deploy.0 = Release|Any CPU
		{D3454F4A-799D-4798-8B7A-60FD3E5C7827}.Release|iPhoneSimulator.ActiveCfg = Release|Any CPU
		{D3454F4A-799D-4798-8B7A-60FD3E5C7827}.Release|iPhoneSimulator.Build.0 = Release|Any CPU
		{D3454F4A-799D-4798-8B7A-60FD3E5C7827}.Release|iPhoneSimulator.Deploy.0 = Release|Any CPU
	EndGlobalSection
	GlobalSection(SolutionProperties) = preSolution
		HideSolutionNode = FALSE
	EndGlobalSection
	GlobalSection(ExtensibilityGlobals) = postSolution
		SolutionGuid = {C8C09A28-6EB1-4731-8A19-829295130022}
	EndGlobalSection
EndGlobal
